
Microsoft Visual Studio Solution File, Format Version 12.00
# Visual Studio Version 17
VisualStudioVersion = 17.0.32126.317
MinimumVisualStudioVersion = 10.0.40219.1
Project("{FAE04EC0-301F-11D3-BF4B-00C04F79EFBC}") = "AllupPractice", "AllupPractice\AllupPractice.csproj", "{1961523E-0B2A-44F7-BB7E-AEA6FDF3E2C0}"
EndProject
Global
	GlobalSection(SolutionConfigurationPlatforms) = preSolution
		Debug|Any CPU = Debug|Any CPU
		Release|Any CPU = Release|Any CPU
	EndGlobalSection
	GlobalSection(ProjectConfigurationPlatforms) = postSolution
		{1961523E-0B2A-44F7-BB7E-AEA6FDF3E2C0}.Debug|Any CPU.ActiveCfg = Debug|Any CPU
		{1961523E-0B2A-44F7-BB7E-AEA6FDF3E2C0}.Debug|Any CPU.Build.0 = Debug|Any CPU
		{1961523E-0B2A-44F7-BB7E-AEA6FDF3E2C0}.Release|Any CPU.ActiveCfg = Release|Any CPU
		{1961523E-0B2A-44F7-BB7E-AEA6FDF3E2C0}.Release|Any CPU.Build.0 = Release|Any CPU
	EndGlobalSection
	GlobalSection(SolutionProperties) = preSolution
		HideSolutionNode = FALSE
	EndGlobalSection
	GlobalSection(ExtensibilityGlobals) = postSolution
		SolutionGuid = {C58FFEAB-F827-4C4E-99DD-F1C88D119B3E}
	EndGlobalSection
EndGlobal
